
Microsoft Visual Studio Solution File, Format Version 12.00
# Visual Studio Version 17
VisualStudioVersion = 17.9.34622.214
MinimumVisualStudioVersion = 10.0.40219.1
Project("{FAE04EC0-301F-11D3-BF4B-00C04F79EFBC}") = "ParkingOnBoard2.0", "ParkingOnBoard2.0\ParkingOnBoard2.0.csproj", "{655FFFF7-2899-4EE5-8E1E-50BF02CF2FBE}"
EndProject
Global
	GlobalSection(SolutionConfigurationPlatforms) = preSolution
		Debug|Any CPU = Debug|Any CPU
		Release|Any CPU = Release|Any CPU
	EndGlobalSection
	GlobalSection(ProjectConfigurationPlatforms) = postSolution
		{655FFFF7-2899-4EE5-8E1E-50BF02CF2FBE}.Debug|Any CPU.ActiveCfg = Debug|Any CPU
		{655FFFF7-2899-4EE5-8E1E-50BF02CF2FBE}.Debug|Any CPU.Build.0 = Debug|Any CPU
		{655FFFF7-2899-4EE5-8E1E-50BF02CF2FBE}.Release|Any CPU.ActiveCfg = Release|Any CPU
		{655FFFF7-2899-4EE5-8E1E-50BF02CF2FBE}.Release|Any CPU.Build.0 = Release|Any CPU
	EndGlobalSection
	GlobalSection(SolutionProperties) = preSolution
		HideSolutionNode = FALSE
	EndGlobalSection
	GlobalSection(ExtensibilityGlobals) = postSolution
		SolutionGuid = {62F17BF2-CC2A-47FD-8C25-0296F6C099E2}
	EndGlobalSection
EndGlobal
